<Solution>
  <Folder Name="/src/">
    <Project Path="src/EricksonLopez.Inbox/EricksonLopez.Inbox.csproj" />
    <Project Path="src/EricksonLopez.Inbox.Abstractions/EricksonLopez.Inbox.Abstractions.csproj" />
    <Project Path="src/EricksonLopez.Outbox.Abstractions/EricksonLopez.Outbox.Abstractions.csproj" />
    <Project Path="src/EricksonLopez.Outbox.Analyzers/EricksonLopez.Outbox.Analyzers.csproj" />
    <Project Path="src/EricksonLopez.Outbox.Brighter/EricksonLopez.Outbox.Brighter.csproj" />
    <Project Path="src/EricksonLopez.Outbox.Brokers.AwsSqs/EricksonLopez.Outbox.Brokers.AwsSqs.csproj" />
    <Project Path="src/EricksonLopez.Outbox.Brokers.AzureServiceBus/EricksonLopez.Outbox.Brokers.AzureServiceBus.csproj" />
    <Project Path="src/EricksonLopez.Outbox.Brokers.GooglePubSub/EricksonLopez.Outbox.Brokers.GooglePubSub.csproj" />
    <Project Path="src/EricksonLopez.Outbox.Brokers.Kafka/EricksonLopez.Outbox.Brokers.Kafka.csproj" />
    <Project Path="src/EricksonLopez.Outbox.Brokers.Nats/EricksonLopez.Outbox.Brokers.Nats.csproj" />
    <Project Path="src/EricksonLopez.Outbox.Brokers.RabbitMQ/EricksonLopez.Outbox.Brokers.RabbitMQ.csproj" />
    <Project Path="src/EricksonLopez.Outbox.Brokers.RedisStreams/EricksonLopez.Outbox.Brokers.RedisStreams.csproj" />
    <Project Path="src/EricksonLopez.Outbox.Dapr/EricksonLopez.Outbox.Dapr.csproj" />
    <Project Path="src/EricksonLopez.Outbox.EntityFrameworkCore/EricksonLopez.Outbox.EntityFrameworkCore.csproj" />
    <Project Path="src/EricksonLopez.Outbox.Inbox/EricksonLopez.Outbox.Inbox.csproj" />
    <Project Path="src/EricksonLopez.Outbox.MassTransit/EricksonLopez.Outbox.MassTransit.csproj" />
    <Project Path="src/EricksonLopez.Outbox.MediatR/EricksonLopez.Outbox.MediatR.csproj" />
    <Project Path="src/EricksonLopez.Outbox.Mediator/EricksonLopez.Outbox.Mediator.csproj" />
    <Project Path="src/EricksonLopez.Outbox.NServiceBus/EricksonLopez.Outbox.NServiceBus.csproj" />
    <Project Path="src/EricksonLopez.Outbox.Rebus/EricksonLopez.Outbox.Rebus.csproj" />
    <Project Path="src/EricksonLopez.Outbox.Serialization.MessagePack/EricksonLopez.Outbox.Serialization.MessagePack.csproj" />
    <Project Path="src/EricksonLopez.Outbox.Serialization.Protobuf/EricksonLopez.Outbox.Serialization.Protobuf.csproj" />
    <Project Path="src/EricksonLopez.Outbox.SourceGenerators/EricksonLopez.Outbox.SourceGenerators.csproj" />
    <Project Path="src/EricksonLopez.Outbox.Storage.MariaDb/EricksonLopez.Outbox.Storage.MariaDb.csproj" />
    <Project Path="src/EricksonLopez.Outbox.Storage.MySql/EricksonLopez.Outbox.Storage.MySql.csproj" />
    <Project Path="src/EricksonLopez.Outbox.Storage.Oracle/EricksonLopez.Outbox.Storage.Oracle.csproj" />
    <Project Path="src/EricksonLopez.Outbox.Storage.PostgreSql/EricksonLopez.Outbox.Storage.PostgreSql.csproj" />
    <Project Path="src/EricksonLopez.Outbox.Storage.Sqlite/EricksonLopez.Outbox.Storage.Sqlite.csproj" />
    <Project Path="src/EricksonLopez.Outbox.Storage.SqlServer/EricksonLopez.Outbox.Storage.SqlServer.csproj" />
    <Project Path="src/EricksonLopez.Outbox.Aspire/EricksonLopez.Outbox.Aspire.csproj" />
    <Project Path="src/EricksonLopez.Outbox.Brokers.AzureEventHubs/EricksonLopez.Outbox.Brokers.AzureEventHubs.csproj" />
    <Project Path="src/EricksonLopez.Outbox.Storage.MongoDb/EricksonLopez.Outbox.Storage.MongoDb.csproj" />
    <Project Path="src/EricksonLopez.Outbox.Inbox.AspNetCore/EricksonLopez.Outbox.Inbox.AspNetCore.csproj" />
    <Project Path="src/EricksonLopez.Outbox.Events/EricksonLopez.Outbox.Events.csproj" />
    <Project Path="src/EricksonLopez.Outbox.Inbox.Events/EricksonLopez.Outbox.Inbox.Events.csproj" />
    <Project Path="src/EricksonLopez.Outbox/EricksonLopez.Outbox.csproj" />
  </Folder>
  <Folder Name="/tests/">
    <Project Path="tests/EricksonLopez.Inbox.Tests/EricksonLopez.Inbox.Tests.csproj" />
    <Project Path="tests/EricksonLopez.Outbox.Events.Tests/EricksonLopez.Outbox.Events.Tests.csproj" />
    <Project Path="tests/EricksonLopez.Outbox.Inbox.Events.Tests/EricksonLopez.Outbox.Inbox.Events.Tests.csproj" />
    <Project Path="tests/EricksonLopez.Outbox.Analyzers.Tests/EricksonLopez.Outbox.Analyzers.Tests.csproj" />
    <Project Path="tests/EricksonLopez.Outbox.AotSmokeTest/EricksonLopez.Outbox.AotSmokeTest.csproj" />
    <Project Path="tests/EricksonLopez.Outbox.Aspire.Tests/EricksonLopez.Outbox.Aspire.Tests.csproj" />
    <Project Path="tests/EricksonLopez.Outbox.Brighter.Tests/EricksonLopez.Outbox.Brighter.Tests.csproj" />
    <Project Path="tests/EricksonLopez.Outbox.Brokers.AwsSqs.Tests/EricksonLopez.Outbox.Brokers.AwsSqs.Tests.csproj" />
    <Project Path="tests/EricksonLopez.Outbox.Brokers.AzureEventHubs.Tests/EricksonLopez.Outbox.Brokers.AzureEventHubs.Tests.csproj" />
    <Project Path="tests/EricksonLopez.Outbox.Brokers.AzureServiceBus.Tests/EricksonLopez.Outbox.Brokers.AzureServiceBus.Tests.csproj" />
    <Project Path="tests/EricksonLopez.Outbox.Brokers.GooglePubSub.Tests/EricksonLopez.Outbox.Brokers.GooglePubSub.Tests.csproj" />
    <Project Path="tests/EricksonLopez.Outbox.Brokers.Kafka.Tests/EricksonLopez.Outbox.Brokers.Kafka.Tests.csproj" />
    <Project Path="tests/EricksonLopez.Outbox.Brokers.Nats.Tests/EricksonLopez.Outbox.Brokers.Nats.Tests.csproj" />
    <Project Path="tests/EricksonLopez.Outbox.Brokers.RabbitMQ.Tests/EricksonLopez.Outbox.Brokers.RabbitMQ.Tests.csproj" />
    <Project Path="tests/EricksonLopez.Outbox.Brokers.RedisStreams.Tests/EricksonLopez.Outbox.Brokers.RedisStreams.Tests.csproj" />
    <Project Path="tests/EricksonLopez.Outbox.Dapr.Tests/EricksonLopez.Outbox.Dapr.Tests.csproj" />
    <Project Path="tests/EricksonLopez.Outbox.EntityFrameworkCore.Tests/EricksonLopez.Outbox.EntityFrameworkCore.Tests.csproj" />
    <Project Path="tests/EricksonLopez.Outbox.Inbox.AspNetCore.Tests/EricksonLopez.Outbox.Inbox.AspNetCore.Tests.csproj" />
    <Project Path="tests/EricksonLopez.Outbox.Inbox.Tests/EricksonLopez.Outbox.Inbox.Tests.csproj" />
    <Project Path="tests/EricksonLopez.Outbox.IntegrationTests/EricksonLopez.Outbox.IntegrationTests.csproj" />
    <Project Path="tests/EricksonLopez.Outbox.MassTransit.Tests/EricksonLopez.Outbox.MassTransit.Tests.csproj" />
    <Project Path="tests/EricksonLopez.Outbox.MediatR.Tests/EricksonLopez.Outbox.MediatR.Tests.csproj" />
    <Project Path="tests/EricksonLopez.Outbox.Mediator.Tests/EricksonLopez.Outbox.Mediator.Tests.csproj" />
    <Project Path="tests/EricksonLopez.Outbox.NServiceBus.Tests/EricksonLopez.Outbox.NServiceBus.Tests.csproj" />
    <Project Path="tests/EricksonLopez.Outbox.Rebus.Tests/EricksonLopez.Outbox.Rebus.Tests.csproj" />
    <Project Path="tests/EricksonLopez.Outbox.Serialization.MessagePack.Tests/EricksonLopez.Outbox.Serialization.MessagePack.Tests.csproj" />
    <Project Path="tests/EricksonLopez.Outbox.Serialization.Protobuf.Tests/EricksonLopez.Outbox.Serialization.Protobuf.Tests.csproj" />
    <Project Path="tests/EricksonLopez.Outbox.Storage.MariaDb.Tests/EricksonLopez.Outbox.Storage.MariaDb.Tests.csproj" />
    <Project Path="tests/EricksonLopez.Outbox.Storage.MongoDb.Tests/EricksonLopez.Outbox.Storage.MongoDb.Tests.csproj" />
    <Project Path="tests/EricksonLopez.Outbox.Storage.MySql.Tests/EricksonLopez.Outbox.Storage.MySql.Tests.csproj" />
    <Project Path="tests/EricksonLopez.Outbox.Storage.Oracle.Tests/EricksonLopez.Outbox.Storage.Oracle.Tests.csproj" />
    <Project Path="tests/EricksonLopez.Outbox.Storage.PostgreSql.Tests/EricksonLopez.Outbox.Storage.PostgreSql.Tests.csproj" />
    <Project Path="tests/EricksonLopez.Outbox.Storage.Sqlite.Tests/EricksonLopez.Outbox.Storage.Sqlite.Tests.csproj" />
    <Project Path="tests/EricksonLopez.Outbox.Storage.SqlServer.Tests/EricksonLopez.Outbox.Storage.SqlServer.Tests.csproj" />
    <Project Path="tests/EricksonLopez.Outbox.SourceGenerators.Tests/EricksonLopez.Outbox.SourceGenerators.Tests.csproj" />
    <Project Path="tests/EricksonLopez.Outbox.Tests/EricksonLopez.Outbox.Tests.csproj" />
  </Folder>
  <Folder Name="/benchmarks/">
    <Project Path="benchmarks/EricksonLopez.Outbox.Benchmarks/EricksonLopez.Outbox.Benchmarks.csproj" />
  </Folder>
</Solution>
